// !$*UTF8*$!
{
	archiveVersion = 1;
	classes = {
	};
	objectVersion = 50;
	objects = {

/* Begin PBXBuildFile section */
		7B06767825A3418200A9D6C6 /* MapViewControllerTests.swift in Sources */ = {isa = PBXBuildFile; fileRef = 7B06767725A3418200A9D6C6 /* MapViewControllerTests.swift */; };
		7B06767D25A352B600A9D6C6 /* UIButton+Extension.swift in Sources */ = {isa = PBXBuildFile; fileRef = 7B06767C25A352B600A9D6C6 /* UIButton+Extension.swift */; };
		7B3801CC25B46A7000065DEB /* art.scnassets in Resources */ = {isa = PBXBuildFile; fileRef = 7B3801CB25B46A7000065DEB /* art.scnassets */; };
		7B3E572125A0E9E4000F7772 /* AppDelegate.swift in Sources */ = {isa = PBXBuildFile; fileRef = 7B3E572025A0E9E4000F7772 /* AppDelegate.swift */; };
		7B3E572525A0E9E4000F7772 /* MapViewController.swift in Sources */ = {isa = PBXBuildFile; fileRef = 7B3E572425A0E9E4000F7772 /* MapViewController.swift */; };
		7B3E572A25A0E9E5000F7772 /* Assets.xcassets in Resources */ = {isa = PBXBuildFile; fileRef = 7B3E572925A0E9E5000F7772 /* Assets.xcassets */; };
		7B3E576325A0EF3B000F7772 /* LaunchScreen.storyboard in Resources */ = {isa = PBXBuildFile; fileRef = 7B3E576225A0EF3B000F7772 /* LaunchScreen.storyboard */; };
		7B3E577325A0FB1C000F7772 /* MapViewController.xib in Resources */ = {isa = PBXBuildFile; fileRef = 7B3E577225A0FB1C000F7772 /* MapViewController.xib */; };
		7B3E577825A0FC90000F7772 /* MapPresenter.swift in Sources */ = {isa = PBXBuildFile; fileRef = 7B3E577725A0FC90000F7772 /* MapPresenter.swift */; };
		7B3E577D25A0FE86000F7772 /* LocationManager.swift in Sources */ = {isa = PBXBuildFile; fileRef = 7B3E577C25A0FE86000F7772 /* LocationManager.swift */; };
		7B3E579325A100C0000F7772 /* AssemblyBuilder.swift in Sources */ = {isa = PBXBuildFile; fileRef = 7B3E579225A100C0000F7772 /* AssemblyBuilder.swift */; };
		7B45A77125B4BD2E00560492 /* ModelScene.swift in Sources */ = {isa = PBXBuildFile; fileRef = 7B45A77025B4BD2E00560492 /* ModelScene.swift */; };
		7B45A77625B4BD6400560492 /* BitMaskCategory.swift in Sources */ = {isa = PBXBuildFile; fileRef = 7B45A77525B4BD6400560492 /* BitMaskCategory.swift */; };
		7B45A79425B86E1000560492 /* UserDefaults+Extension.swift in Sources */ = {isa = PBXBuildFile; fileRef = 7B45A79325B86E1000560492 /* UserDefaults+Extension.swift */; };
		7B45A79925B86ED400560492 /* TeamedMonsterModel.swift in Sources */ = {isa = PBXBuildFile; fileRef = 7B45A79825B86ED400560492 /* TeamedMonsterModel.swift */; };
		7B45A7A525B872C100560492 /* MonsterTeamViewController.swift in Sources */ = {isa = PBXBuildFile; fileRef = 7B45A7A325B872C100560492 /* MonsterTeamViewController.swift */; };
		7B45A7A625B872C100560492 /* MonsterTeamViewController.xib in Resources */ = {isa = PBXBuildFile; fileRef = 7B45A7A425B872C100560492 /* MonsterTeamViewController.xib */; };
		7B45A7B725B8736E00560492 /* MonsterTeamPresenter.swift in Sources */ = {isa = PBXBuildFile; fileRef = 7B45A7B625B8736E00560492 /* MonsterTeamPresenter.swift */; };
		7B45A7D625B88DB400560492 /* MonsterTableViewCell.swift in Sources */ = {isa = PBXBuildFile; fileRef = 7B45A7D425B88DB400560492 /* MonsterTableViewCell.swift */; };
		7B45A7D725B88DB400560492 /* MonsterTableViewCell.xib in Resources */ = {isa = PBXBuildFile; fileRef = 7B45A7D525B88DB400560492 /* MonsterTableViewCell.xib */; };
		7B45A7F525BB0CAF00560492 /* ModeleSceneTests.swift in Sources */ = {isa = PBXBuildFile; fileRef = 7B45A7F425BB0CAF00560492 /* ModeleSceneTests.swift */; };
		7B5DF92925A71AA800F3276A /* MonsterFarmTests.swift in Sources */ = {isa = PBXBuildFile; fileRef = 7B5DF92825A71AA800F3276A /* MonsterFarmTests.swift */; };
		7B70B68425B47E2A002C7990 /* MonsterPresenterTests.swift in Sources */ = {isa = PBXBuildFile; fileRef = 7B70B68325B47E2A002C7990 /* MonsterPresenterTests.swift */; };
		7B830B1B25A4B9FF00410AAF /* MonsterFarm.swift in Sources */ = {isa = PBXBuildFile; fileRef = 7B830B1A25A4B9FF00410AAF /* MonsterFarm.swift */; };
		7B830B2525A4D00000410AAF /* MonsterAnnotation.swift in Sources */ = {isa = PBXBuildFile; fileRef = 7B830B2425A4D00000410AAF /* MonsterAnnotation.swift */; };
		7B8EA6BB25A390D6005994D4 /* Monster.swift in Sources */ = {isa = PBXBuildFile; fileRef = 7B8EA6BA25A390D6005994D4 /* Monster.swift */; };
		7B8EA6CE25A39EF0005994D4 /* MonsterTests.swift in Sources */ = {isa = PBXBuildFile; fileRef = 7B8EA6CD25A39EF0005994D4 /* MonsterTests.swift */; };
		7B8EA6EB25A3A484005994D4 /* MonstersUITests.swift in Sources */ = {isa = PBXBuildFile; fileRef = 7B8EA6EA25A3A483005994D4 /* MonstersUITests.swift */; };
		7BA577A125A8C63100FF3DA2 /* Router.swift in Sources */ = {isa = PBXBuildFile; fileRef = 7BA577A025A8C63100FF3DA2 /* Router.swift */; };
		7BA577AB25A8C65000FF3DA2 /* MonsterPresenter.swift in Sources */ = {isa = PBXBuildFile; fileRef = 7BA577A725A8C65000FF3DA2 /* MonsterPresenter.swift */; };
		7BA577AC25A8C65000FF3DA2 /* MonsterViewController.xib in Resources */ = {isa = PBXBuildFile; fileRef = 7BA577A925A8C65000FF3DA2 /* MonsterViewController.xib */; };
		7BA577AD25A8C65000FF3DA2 /* MonsterViewController.swift in Sources */ = {isa = PBXBuildFile; fileRef = 7BA577AA25A8C65000FF3DA2 /* MonsterViewController.swift */; };
		7BA577B225A8C66C00FF3DA2 /* RouterTests.swift in Sources */ = {isa = PBXBuildFile; fileRef = 7BA577B125A8C66C00FF3DA2 /* RouterTests.swift */; };
		7BAC3FA825A20F2100623263 /* LocationAuthStatus.swift in Sources */ = {isa = PBXBuildFile; fileRef = 7BAC3FA725A20F2100623263 /* LocationAuthStatus.swift */; };
		7BAC3FAE25A2242200623263 /* MapPresenterTests.swift in Sources */ = {isa = PBXBuildFile; fileRef = 7BAC3FAD25A2242200623263 /* MapPresenterTests.swift */; };
/* End PBXBuildFile section */

/* Begin PBXContainerItemProxy section */
		7B3E573425A0E9E5000F7772 /* PBXContainerItemProxy */ = {
			isa = PBXContainerItemProxy;
			containerPortal = 7B3E571525A0E9E4000F7772 /* Project object */;
			proxyType = 1;
			remoteGlobalIDString = 7B3E571C25A0E9E4000F7772;
			remoteInfo = Monsters;
		};
		7B3E573F25A0E9E5000F7772 /* PBXContainerItemProxy */ = {
			isa = PBXContainerItemProxy;
			containerPortal = 7B3E571525A0E9E4000F7772 /* Project object */;
			proxyType = 1;
			remoteGlobalIDString = 7B3E571C25A0E9E4000F7772;
			remoteInfo = Monsters;
		};
/* End PBXContainerItemProxy section */

/* Begin PBXFileReference section */
		7B06767725A3418200A9D6C6 /* MapViewControllerTests.swift */ = {isa = PBXFileReference; lastKnownFileType = sourcecode.swift; path = MapViewControllerTests.swift; sourceTree = "<group>"; };
		7B06767C25A352B600A9D6C6 /* UIButton+Extension.swift */ = {isa = PBXFileReference; lastKnownFileType = sourcecode.swift; path = "UIButton+Extension.swift"; sourceTree = "<group>"; };
		7B26A94B25A3A4BB00A3FB55 /* MonstersUITests-Bridging-Header.h */ = {isa = PBXFileReference; fileEncoding = 4; lastKnownFileType = sourcecode.c.h; path = "MonstersUITests-Bridging-Header.h"; sourceTree = "<group>"; };
		7B3801CB25B46A7000065DEB /* art.scnassets */ = {isa = PBXFileReference; lastKnownFileType = wrapper.scnassets; path = art.scnassets; sourceTree = "<group>"; };
		7B3E571D25A0E9E4000F7772 /* Monsters.app */ = {isa = PBXFileReference; explicitFileType = wrapper.application; includeInIndex = 0; path = Monsters.app; sourceTree = BUILT_PRODUCTS_DIR; };
		7B3E572025A0E9E4000F7772 /* AppDelegate.swift */ = {isa = PBXFileReference; lastKnownFileType = sourcecode.swift; path = AppDelegate.swift; sourceTree = "<group>"; };
		7B3E572425A0E9E4000F7772 /* MapViewController.swift */ = {isa = PBXFileReference; lastKnownFileType = sourcecode.swift; path = MapViewController.swift; sourceTree = "<group>"; };
		7B3E572925A0E9E5000F7772 /* Assets.xcassets */ = {isa = PBXFileReference; lastKnownFileType = folder.assetcatalog; path = Assets.xcassets; sourceTree = "<group>"; };
		7B3E572E25A0E9E5000F7772 /* Info.plist */ = {isa = PBXFileReference; lastKnownFileType = text.plist.xml; path = Info.plist; sourceTree = "<group>"; };
		7B3E573325A0E9E5000F7772 /* MonstersTests.xctest */ = {isa = PBXFileReference; explicitFileType = wrapper.cfbundle; includeInIndex = 0; path = MonstersTests.xctest; sourceTree = BUILT_PRODUCTS_DIR; };
		7B3E573925A0E9E5000F7772 /* Info.plist */ = {isa = PBXFileReference; lastKnownFileType = text.plist.xml; path = Info.plist; sourceTree = "<group>"; };
		7B3E573E25A0E9E5000F7772 /* MonstersUITests.xctest */ = {isa = PBXFileReference; explicitFileType = wrapper.cfbundle; includeInIndex = 0; path = MonstersUITests.xctest; sourceTree = BUILT_PRODUCTS_DIR; };
		7B3E574425A0E9E5000F7772 /* Info.plist */ = {isa = PBXFileReference; lastKnownFileType = text.plist.xml; path = Info.plist; sourceTree = "<group>"; };
		7B3E576225A0EF3B000F7772 /* LaunchScreen.storyboard */ = {isa = PBXFileReference; fileEncoding = 4; lastKnownFileType = file.storyboard; path = LaunchScreen.storyboard; sourceTree = "<group>"; };
		7B3E577225A0FB1C000F7772 /* MapViewController.xib */ = {isa = PBXFileReference; lastKnownFileType = file.xib; path = MapViewController.xib; sourceTree = "<group>"; };
		7B3E577725A0FC90000F7772 /* MapPresenter.swift */ = {isa = PBXFileReference; lastKnownFileType = sourcecode.swift; path = MapPresenter.swift; sourceTree = "<group>"; };
		7B3E577C25A0FE86000F7772 /* LocationManager.swift */ = {isa = PBXFileReference; lastKnownFileType = sourcecode.swift; path = LocationManager.swift; sourceTree = "<group>"; };
		7B3E579225A100C0000F7772 /* AssemblyBuilder.swift */ = {isa = PBXFileReference; lastKnownFileType = sourcecode.swift; path = AssemblyBuilder.swift; sourceTree = "<group>"; };
		7B45A77025B4BD2E00560492 /* ModelScene.swift */ = {isa = PBXFileReference; lastKnownFileType = sourcecode.swift; path = ModelScene.swift; sourceTree = "<group>"; };
		7B45A77525B4BD6400560492 /* BitMaskCategory.swift */ = {isa = PBXFileReference; lastKnownFileType = sourcecode.swift; path = BitMaskCategory.swift; sourceTree = "<group>"; };
		7B45A79325B86E1000560492 /* UserDefaults+Extension.swift */ = {isa = PBXFileReference; lastKnownFileType = sourcecode.swift; path = "UserDefaults+Extension.swift"; sourceTree = "<group>"; };
		7B45A79825B86ED400560492 /* TeamedMonsterModel.swift */ = {isa = PBXFileReference; lastKnownFileType = sourcecode.swift; path = TeamedMonsterModel.swift; sourceTree = "<group>"; };
		7B45A7A325B872C100560492 /* MonsterTeamViewController.swift */ = {isa = PBXFileReference; lastKnownFileType = sourcecode.swift; path = MonsterTeamViewController.swift; sourceTree = "<group>"; };
		7B45A7A425B872C100560492 /* MonsterTeamViewController.xib */ = {isa = PBXFileReference; lastKnownFileType = file.xib; path = MonsterTeamViewController.xib; sourceTree = "<group>"; };
		7B45A7B625B8736E00560492 /* MonsterTeamPresenter.swift */ = {isa = PBXFileReference; lastKnownFileType = sourcecode.swift; path = MonsterTeamPresenter.swift; sourceTree = "<group>"; };
		7B45A7D425B88DB400560492 /* MonsterTableViewCell.swift */ = {isa = PBXFileReference; lastKnownFileType = sourcecode.swift; path = MonsterTableViewCell.swift; sourceTree = "<group>"; };
		7B45A7D525B88DB400560492 /* MonsterTableViewCell.xib */ = {isa = PBXFileReference; lastKnownFileType = file.xib; path = MonsterTableViewCell.xib; sourceTree = "<group>"; };
		7B45A7F425BB0CAF00560492 /* ModeleSceneTests.swift */ = {isa = PBXFileReference; lastKnownFileType = sourcecode.swift; path = ModeleSceneTests.swift; sourceTree = "<group>"; };
		7B5DF92825A71AA800F3276A /* MonsterFarmTests.swift */ = {isa = PBXFileReference; lastKnownFileType = sourcecode.swift; path = MonsterFarmTests.swift; sourceTree = "<group>"; };
		7B70B68325B47E2A002C7990 /* MonsterPresenterTests.swift */ = {isa = PBXFileReference; lastKnownFileType = sourcecode.swift; path = MonsterPresenterTests.swift; sourceTree = "<group>"; };
		7B830B1A25A4B9FF00410AAF /* MonsterFarm.swift */ = {isa = PBXFileReference; lastKnownFileType = sourcecode.swift; path = MonsterFarm.swift; sourceTree = "<group>"; };
		7B830B2425A4D00000410AAF /* MonsterAnnotation.swift */ = {isa = PBXFileReference; lastKnownFileType = sourcecode.swift; path = MonsterAnnotation.swift; sourceTree = "<group>"; };
		7B8EA6BA25A390D6005994D4 /* Monster.swift */ = {isa = PBXFileReference; lastKnownFileType = sourcecode.swift; path = Monster.swift; sourceTree = "<group>"; };
		7B8EA6CD25A39EF0005994D4 /* MonsterTests.swift */ = {isa = PBXFileReference; lastKnownFileType = sourcecode.swift; path = MonsterTests.swift; sourceTree = "<group>"; };
		7B8EA6EA25A3A483005994D4 /* MonstersUITests.swift */ = {isa = PBXFileReference; fileEncoding = 4; lastKnownFileType = sourcecode.swift; path = MonstersUITests.swift; sourceTree = "<group>"; };
		7BA577A025A8C63100FF3DA2 /* Router.swift */ = {isa = PBXFileReference; fileEncoding = 4; lastKnownFileType = sourcecode.swift; path = Router.swift; sourceTree = "<group>"; };
		7BA577A725A8C65000FF3DA2 /* MonsterPresenter.swift */ = {isa = PBXFileReference; fileEncoding = 4; lastKnownFileType = sourcecode.swift; path = MonsterPresenter.swift; sourceTree = "<group>"; };
		7BA577A925A8C65000FF3DA2 /* MonsterViewController.xib */ = {isa = PBXFileReference; fileEncoding = 4; lastKnownFileType = file.xib; path = MonsterViewController.xib; sourceTree = "<group>"; };
		7BA577AA25A8C65000FF3DA2 /* MonsterViewController.swift */ = {isa = PBXFileReference; fileEncoding = 4; lastKnownFileType = sourcecode.swift; path = MonsterViewController.swift; sourceTree = "<group>"; };
		7BA577B125A8C66C00FF3DA2 /* RouterTests.swift */ = {isa = PBXFileReference; fileEncoding = 4; lastKnownFileType = sourcecode.swift; path = RouterTests.swift; sourceTree = "<group>"; };
		7BAC3FA725A20F2100623263 /* LocationAuthStatus.swift */ = {isa = PBXFileReference; lastKnownFileType = sourcecode.swift; path = LocationAuthStatus.swift; sourceTree = "<group>"; };
		7BAC3FAD25A2242200623263 /* MapPresenterTests.swift */ = {isa = PBXFileReference; lastKnownFileType = sourcecode.swift; path = MapPresenterTests.swift; sourceTree = "<group>"; };
/* End PBXFileReference section */

/* Begin PBXFrameworksBuildPhase section */
		7B3E571A25A0E9E4000F7772 /* Frameworks */ = {
			isa = PBXFrameworksBuildPhase;
			buildActionMask = 2147483647;
			files = (
			);
			runOnlyForDeploymentPostprocessing = 0;
		};
		7B3E573025A0E9E5000F7772 /* Frameworks */ = {
			isa = PBXFrameworksBuildPhase;
			buildActionMask = 2147483647;
			files = (
			);
			runOnlyForDeploymentPostprocessing = 0;
		};
		7B3E573B25A0E9E5000F7772 /* Frameworks */ = {
			isa = PBXFrameworksBuildPhase;
			buildActionMask = 2147483647;
			files = (
			);
			runOnlyForDeploymentPostprocessing = 0;
		};
/* End PBXFrameworksBuildPhase section */

/* Begin PBXGroup section */
		7B06768125A352C000A9D6C6 /* Extensions */ = {
			isa = PBXGroup;
			children = (
				7B06767C25A352B600A9D6C6 /* UIButton+Extension.swift */,
				7B45A79325B86E1000560492 /* UserDefaults+Extension.swift */,
			);
			path = Extensions;
			sourceTree = "<group>";
		};
		7B26A94F25A3A51000A3FB55 /* Assembly */ = {
			isa = PBXGroup;
			children = (
				7B3E579225A100C0000F7772 /* AssemblyBuilder.swift */,
			);
			path = Assembly;
			sourceTree = "<group>";
		};
		7B3E571425A0E9E4000F7772 = {
			isa = PBXGroup;
			children = (
				7B3E571F25A0E9E4000F7772 /* Monsters */,
				7B3E573625A0E9E5000F7772 /* MonstersTests */,
				7B3E574125A0E9E5000F7772 /* MonstersUITests */,
				7B3E571E25A0E9E4000F7772 /* Products */,
			);
			sourceTree = "<group>";
		};
		7B3E571E25A0E9E4000F7772 /* Products */ = {
			isa = PBXGroup;
			children = (
				7B3E571D25A0E9E4000F7772 /* Monsters.app */,
				7B3E573325A0E9E5000F7772 /* MonstersTests.xctest */,
				7B3E573E25A0E9E5000F7772 /* MonstersUITests.xctest */,
			);
			name = Products;
			sourceTree = "<group>";
		};
		7B3E571F25A0E9E4000F7772 /* Monsters */ = {
			isa = PBXGroup;
			children = (
				7B45A7E225B8A3ED00560492 /* App Lifecycle */,
				7B26A94F25A3A51000A3FB55 /* Assembly */,
				7BA5779C25A8C5DD00FF3DA2 /* Router */,
				7B3E576A25A0FAEC000F7772 /* MapModule */,
				7BA577A525A8C65000FF3DA2 /* MonsterModule */,
				7B45A7AA25B872D000560492 /* MonstersTeamModule */,
				7B3E578A25A0FEF3000F7772 /* Services */,
				7B06768125A352C000A9D6C6 /* Extensions */,
				7B3E576225A0EF3B000F7772 /* LaunchScreen.storyboard */,
				7B3E572925A0E9E5000F7772 /* Assets.xcassets */,
				7B3801CB25B46A7000065DEB /* art.scnassets */,
				7B3E572E25A0E9E5000F7772 /* Info.plist */,
			);
			path = Monsters;
			sourceTree = "<group>";
		};
		7B3E573625A0E9E5000F7772 /* MonstersTests */ = {
			isa = PBXGroup;
			children = (
				7B70B67925B47DFB002C7990 /* RouterTests */,
				7B70B66725B47DBE002C7990 /* MapModuleTests */,
				7B70B66E25B47DD0002C7990 /* MonsterFarmTests */,
				7B70B67525B47DEA002C7990 /* MonsterModelTests */,
				7B45A78025B4C03400560492 /* MonsterModule */,
				7B3E573925A0E9E5000F7772 /* Info.plist */,
			);
			path = MonstersTests;
			sourceTree = "<group>";
		};
		7B3E574125A0E9E5000F7772 /* MonstersUITests */ = {
			isa = PBXGroup;
			children = (
				7B8EA6EA25A3A483005994D4 /* MonstersUITests.swift */,
				7B3E574425A0E9E5000F7772 /* Info.plist */,
				7B26A94B25A3A4BB00A3FB55 /* MonstersUITests-Bridging-Header.h */,
			);
			path = MonstersUITests;
			sourceTree = "<group>";
		};
		7B3E576A25A0FAEC000F7772 /* MapModule */ = {
			isa = PBXGroup;
			children = (
				7B3E576E25A0FAFB000F7772 /* View */,
				7B3E578E25A0FF0D000F7772 /* Presenter */,
				7B8EA6BF25A39174005994D4 /* Model */,
			);
			path = MapModule;
			sourceTree = "<group>";
		};
		7B3E576E25A0FAFB000F7772 /* View */ = {
			isa = PBXGroup;
			children = (
				7B3E572425A0E9E4000F7772 /* MapViewController.swift */,
				7B830B2425A4D00000410AAF /* MonsterAnnotation.swift */,
				7B3E577225A0FB1C000F7772 /* MapViewController.xib */,
			);
			path = View;
			sourceTree = "<group>";
		};
		7B3E578A25A0FEF3000F7772 /* Services */ = {
			isa = PBXGroup;
			children = (
				7BAC3FA325A1FC2400623263 /* LocationService */,
			);
			path = Services;
			sourceTree = "<group>";
		};
		7B3E578E25A0FF0D000F7772 /* Presenter */ = {
			isa = PBXGroup;
			children = (
				7B3E577725A0FC90000F7772 /* MapPresenter.swift */,
			);
			path = Presenter;
			sourceTree = "<group>";
		};
		7B45A78025B4C03400560492 /* MonsterModule */ = {
			isa = PBXGroup;
			children = (
				7B70B68325B47E2A002C7990 /* MonsterPresenterTests.swift */,
				7B45A7F425BB0CAF00560492 /* ModeleSceneTests.swift */,
			);
			path = MonsterModule;
			sourceTree = "<group>";
		};
		7B45A78425B4C25F00560492 /* SceneKitHelpers */ = {
			isa = PBXGroup;
			children = (
				7B45A77025B4BD2E00560492 /* ModelScene.swift */,
				7B45A77525B4BD6400560492 /* BitMaskCategory.swift */,
			);
			path = SceneKitHelpers;
			sourceTree = "<group>";
		};
		7B45A7AA25B872D000560492 /* MonstersTeamModule */ = {
			isa = PBXGroup;
			children = (
				7B45A7AE25B8731400560492 /* Model */,
				7B45A7B225B8732800560492 /* View */,
				7B45A7BB25B8737900560492 /* Presenter */,
			);
			path = MonstersTeamModule;
			sourceTree = "<group>";
		};
		7B45A7AE25B8731400560492 /* Model */ = {
			isa = PBXGroup;
			children = (
				7B45A79825B86ED400560492 /* TeamedMonsterModel.swift */,
			);
			path = Model;
			sourceTree = "<group>";
		};
		7B45A7B225B8732800560492 /* View */ = {
			isa = PBXGroup;
			children = (
				7B45A7DE25B8A20200560492 /* TableViewCell */,
				7B45A7A325B872C100560492 /* MonsterTeamViewController.swift */,
				7B45A7A425B872C100560492 /* MonsterTeamViewController.xib */,
			);
			path = View;
			sourceTree = "<group>";
		};
		7B45A7BB25B8737900560492 /* Presenter */ = {
			isa = PBXGroup;
			children = (
				7B45A7B625B8736E00560492 /* MonsterTeamPresenter.swift */,
			);
			path = Presenter;
			sourceTree = "<group>";
		};
		7B45A7DE25B8A20200560492 /* TableViewCell */ = {
			isa = PBXGroup;
			children = (
				7B45A7D425B88DB400560492 /* MonsterTableViewCell.swift */,
				7B45A7D525B88DB400560492 /* MonsterTableViewCell.xib */,
			);
			path = TableViewCell;
			sourceTree = "<group>";
		};
		7B45A7E225B8A3ED00560492 /* App Lifecycle */ = {
			isa = PBXGroup;
			children = (
				7B3E572025A0E9E4000F7772 /* AppDelegate.swift */,
			);
			path = "App Lifecycle";
			sourceTree = "<group>";
		};
		7B70B66725B47DBE002C7990 /* MapModuleTests */ = {
			isa = PBXGroup;
			children = (
				7BAC3FAD25A2242200623263 /* MapPresenterTests.swift */,
				7B06767725A3418200A9D6C6 /* MapViewControllerTests.swift */,
			);
			path = MapModuleTests;
			sourceTree = "<group>";
		};
		7B70B66E25B47DD0002C7990 /* MonsterFarmTests */ = {
			isa = PBXGroup;
			children = (
				7B5DF92825A71AA800F3276A /* MonsterFarmTests.swift */,
			);
			path = MonsterFarmTests;
			sourceTree = "<group>";
		};
		7B70B67525B47DEA002C7990 /* MonsterModelTests */ = {
			isa = PBXGroup;
			children = (
				7B8EA6CD25A39EF0005994D4 /* MonsterTests.swift */,
			);
			path = MonsterModelTests;
			sourceTree = "<group>";
		};
		7B70B67925B47DFB002C7990 /* RouterTests */ = {
			isa = PBXGroup;
			children = (
				7BA577B125A8C66C00FF3DA2 /* RouterTests.swift */,
			);
			path = RouterTests;
			sourceTree = "<group>";
		};
		7B8EA6BF25A39174005994D4 /* Model */ = {
			isa = PBXGroup;
			children = (
				7B8EA6BA25A390D6005994D4 /* Monster.swift */,
				7B830B1A25A4B9FF00410AAF /* MonsterFarm.swift */,
			);
			path = Model;
			sourceTree = "<group>";
		};
		7BA5779C25A8C5DD00FF3DA2 /* Router */ = {
			isa = PBXGroup;
			children = (
				7BA577A025A8C63100FF3DA2 /* Router.swift */,
			);
			path = Router;
			sourceTree = "<group>";
		};
		7BA577A525A8C65000FF3DA2 /* MonsterModule */ = {
			isa = PBXGroup;
			children = (
				7BA577A625A8C65000FF3DA2 /* Presenter */,
				7BA577A825A8C65000FF3DA2 /* View */,
				7B45A78425B4C25F00560492 /* SceneKitHelpers */,
			);
			path = MonsterModule;
			sourceTree = "<group>";
		};
		7BA577A625A8C65000FF3DA2 /* Presenter */ = {
			isa = PBXGroup;
			children = (
				7BA577A725A8C65000FF3DA2 /* MonsterPresenter.swift */,
			);
			path = Presenter;
			sourceTree = "<group>";
		};
		7BA577A825A8C65000FF3DA2 /* View */ = {
			isa = PBXGroup;
			children = (
				7BA577A925A8C65000FF3DA2 /* MonsterViewController.xib */,
				7BA577AA25A8C65000FF3DA2 /* MonsterViewController.swift */,
			);
			path = View;
			sourceTree = "<group>";
		};
		7BAC3FA325A1FC2400623263 /* LocationService */ = {
			isa = PBXGroup;
			children = (
				7B3E577C25A0FE86000F7772 /* LocationManager.swift */,
				7BAC3FA725A20F2100623263 /* LocationAuthStatus.swift */,
			);
			path = LocationService;
			sourceTree = "<group>";
		};
/* End PBXGroup section */

/* Begin PBXNativeTarget section */
		7B3E571C25A0E9E4000F7772 /* Monsters */ = {
			isa = PBXNativeTarget;
			buildConfigurationList = 7B3E574725A0E9E5000F7772 /* Build configuration list for PBXNativeTarget "Monsters" */;
			buildPhases = (
				7B3E571925A0E9E4000F7772 /* Sources */,
				7B3E571A25A0E9E4000F7772 /* Frameworks */,
				7B3E571B25A0E9E4000F7772 /* Resources */,
			);
			buildRules = (
			);
			dependencies = (
			);
			name = Monsters;
			productName = Monsters;
			productReference = 7B3E571D25A0E9E4000F7772 /* Monsters.app */;
			productType = "com.apple.product-type.application";
		};
		7B3E573225A0E9E5000F7772 /* MonstersTests */ = {
			isa = PBXNativeTarget;
			buildConfigurationList = 7B3E574A25A0E9E5000F7772 /* Build configuration list for PBXNativeTarget "MonstersTests" */;
			buildPhases = (
				7B3E572F25A0E9E5000F7772 /* Sources */,
				7B3E573025A0E9E5000F7772 /* Frameworks */,
				7B3E573125A0E9E5000F7772 /* Resources */,
			);
			buildRules = (
			);
			dependencies = (
				7B3E573525A0E9E5000F7772 /* PBXTargetDependency */,
			);
			name = MonstersTests;
			productName = MonstersTests;
			productReference = 7B3E573325A0E9E5000F7772 /* MonstersTests.xctest */;
			productType = "com.apple.product-type.bundle.unit-test";
		};
		7B3E573D25A0E9E5000F7772 /* MonstersUITests */ = {
			isa = PBXNativeTarget;
			buildConfigurationList = 7B3E574D25A0E9E5000F7772 /* Build configuration list for PBXNativeTarget "MonstersUITests" */;
			buildPhases = (
				7B3E573A25A0E9E5000F7772 /* Sources */,
				7B3E573B25A0E9E5000F7772 /* Frameworks */,
				7B3E573C25A0E9E5000F7772 /* Resources */,
			);
			buildRules = (
			);
			dependencies = (
				7B3E574025A0E9E5000F7772 /* PBXTargetDependency */,
			);
			name = MonstersUITests;
			productName = MonstersUITests;
			productReference = 7B3E573E25A0E9E5000F7772 /* MonstersUITests.xctest */;
			productType = "com.apple.product-type.bundle.ui-testing";
		};
/* End PBXNativeTarget section */

/* Begin PBXProject section */
		7B3E571525A0E9E4000F7772 /* Project object */ = {
			isa = PBXProject;
			attributes = {
				LastSwiftUpdateCheck = 1230;
				LastUpgradeCheck = 1230;
				TargetAttributes = {
					7B3E571C25A0E9E4000F7772 = {
						CreatedOnToolsVersion = 12.3;
					};
					7B3E573225A0E9E5000F7772 = {
						CreatedOnToolsVersion = 12.3;
						TestTargetID = 7B3E571C25A0E9E4000F7772;
					};
					7B3E573D25A0E9E5000F7772 = {
						CreatedOnToolsVersion = 12.3;
						LastSwiftMigration = 1230;
						TestTargetID = 7B3E571C25A0E9E4000F7772;
					};
				};
			};
			buildConfigurationList = 7B3E571825A0E9E4000F7772 /* Build configuration list for PBXProject "Monsters" */;
			compatibilityVersion = "Xcode 9.3";
			developmentRegion = en;
			hasScannedForEncodings = 0;
			knownRegions = (
				en,
				Base,
			);
			mainGroup = 7B3E571425A0E9E4000F7772;
			productRefGroup = 7B3E571E25A0E9E4000F7772 /* Products */;
			projectDirPath = "";
			projectRoot = "";
			targets = (
				7B3E571C25A0E9E4000F7772 /* Monsters */,
				7B3E573225A0E9E5000F7772 /* MonstersTests */,
				7B3E573D25A0E9E5000F7772 /* MonstersUITests */,
			);
		};
/* End PBXProject section */

/* Begin PBXResourcesBuildPhase section */
		7B3E571B25A0E9E4000F7772 /* Resources */ = {
			isa = PBXResourcesBuildPhase;
			buildActionMask = 2147483647;
			files = (
				7B3E572A25A0E9E5000F7772 /* Assets.xcassets in Resources */,
				7BA577AC25A8C65000FF3DA2 /* MonsterViewController.xib in Resources */,
				7B3801CC25B46A7000065DEB /* art.scnassets in Resources */,
				7B3E577325A0FB1C000F7772 /* MapViewController.xib in Resources */,
				7B45A7A625B872C100560492 /* MonsterTeamViewController.xib in Resources */,
				7B45A7D725B88DB400560492 /* MonsterTableViewCell.xib in Resources */,
				7B3E576325A0EF3B000F7772 /* LaunchScreen.storyboard in Resources */,
			);
			runOnlyForDeploymentPostprocessing = 0;
		};
		7B3E573125A0E9E5000F7772 /* Resources */ = {
			isa = PBXResourcesBuildPhase;
			buildActionMask = 2147483647;
			files = (
			);
			runOnlyForDeploymentPostprocessing = 0;
		};
		7B3E573C25A0E9E5000F7772 /* Resources */ = {
			isa = PBXResourcesBuildPhase;
			buildActionMask = 2147483647;
			files = (
			);
			runOnlyForDeploymentPostprocessing = 0;
		};
/* End PBXResourcesBuildPhase section */

/* Begin PBXSourcesBuildPhase section */
		7B3E571925A0E9E4000F7772 /* Sources */ = {
			isa = PBXSourcesBuildPhase;
			buildActionMask = 2147483647;
			files = (
				7B45A79925B86ED400560492 /* TeamedMonsterModel.swift in Sources */,
				7BA577A125A8C63100FF3DA2 /* Router.swift in Sources */,
				7B8EA6BB25A390D6005994D4 /* Monster.swift in Sources */,
				7BA577AD25A8C65000FF3DA2 /* MonsterViewController.swift in Sources */,
				7B45A7A525B872C100560492 /* MonsterTeamViewController.swift in Sources */,
				7B3E577D25A0FE86000F7772 /* LocationManager.swift in Sources */,
				7B3E572525A0E9E4000F7772 /* MapViewController.swift in Sources */,
				7B3E572125A0E9E4000F7772 /* AppDelegate.swift in Sources */,
				7B45A79425B86E1000560492 /* UserDefaults+Extension.swift in Sources */,
				7B830B2525A4D00000410AAF /* MonsterAnnotation.swift in Sources */,
				7B45A77625B4BD6400560492 /* BitMaskCategory.swift in Sources */,
				7B3E579325A100C0000F7772 /* AssemblyBuilder.swift in Sources */,
				7B45A7B725B8736E00560492 /* MonsterTeamPresenter.swift in Sources */,
				7B830B1B25A4B9FF00410AAF /* MonsterFarm.swift in Sources */,
				7BAC3FA825A20F2100623263 /* LocationAuthStatus.swift in Sources */,
				7BA577AB25A8C65000FF3DA2 /* MonsterPresenter.swift in Sources */,
				7B45A7D625B88DB400560492 /* MonsterTableViewCell.swift in Sources */,
				7B45A77125B4BD2E00560492 /* ModelScene.swift in Sources */,
				7B3E577825A0FC90000F7772 /* MapPresenter.swift in Sources */,
				7B06767D25A352B600A9D6C6 /* UIButton+Extension.swift in Sources */,
			);
			runOnlyForDeploymentPostprocessing = 0;
		};
		7B3E572F25A0E9E5000F7772 /* Sources */ = {
			isa = PBXSourcesBuildPhase;
			buildActionMask = 2147483647;
			files = (
				7BA577B225A8C66C00FF3DA2 /* RouterTests.swift in Sources */,
				7B8EA6CE25A39EF0005994D4 /* MonsterTests.swift in Sources */,
				7BAC3FAE25A2242200623263 /* MapPresenterTests.swift in Sources */,
				7B45A7F525BB0CAF00560492 /* ModeleSceneTests.swift in Sources */,
				7B70B68425B47E2A002C7990 /* MonsterPresenterTests.swift in Sources */,
				7B06767825A3418200A9D6C6 /* MapViewControllerTests.swift in Sources */,
				7B5DF92925A71AA800F3276A /* MonsterFarmTests.swift in Sources */,
			);
			runOnlyForDeploymentPostprocessing = 0;
		};
		7B3E573A25A0E9E5000F7772 /* Sources */ = {
			isa = PBXSourcesBuildPhase;
			buildActionMask = 2147483647;
			files = (
				7B8EA6EB25A3A484005994D4 /* MonstersUITests.swift in Sources */,
			);
			runOnlyForDeploymentPostprocessing = 0;
		};
/* End PBXSourcesBuildPhase section */

/* Begin PBXTargetDependency section */
		7B3E573525A0E9E5000F7772 /* PBXTargetDependency */ = {
			isa = PBXTargetDependency;
			target = 7B3E571C25A0E9E4000F7772 /* Monsters */;
			targetProxy = 7B3E573425A0E9E5000F7772 /* PBXContainerItemProxy */;
		};
		7B3E574025A0E9E5000F7772 /* PBXTargetDependency */ = {
			isa = PBXTargetDependency;
			target = 7B3E571C25A0E9E4000F7772 /* Monsters */;
			targetProxy = 7B3E573F25A0E9E5000F7772 /* PBXContainerItemProxy */;
		};
/* End PBXTargetDependency section */

/* Begin XCBuildConfiguration section */
		7B3E574525A0E9E5000F7772 /* Debug */ = {
			isa = XCBuildConfiguration;
			buildSettings = {
				ALWAYS_SEARCH_USER_PATHS = NO;
				CLANG_ANALYZER_NONNULL = YES;
				CLANG_ANALYZER_NUMBER_OBJECT_CONVERSION = YES_AGGRESSIVE;
				CLANG_CXX_LANGUAGE_STANDARD = "gnu++14";
				CLANG_CXX_LIBRARY = "libc++";
				CLANG_ENABLE_MODULES = YES;
				CLANG_ENABLE_OBJC_ARC = YES;
				CLANG_ENABLE_OBJC_WEAK = YES;
				CLANG_WARN_BLOCK_CAPTURE_AUTORELEASING = YES;
				CLANG_WARN_BOOL_CONVERSION = YES;
				CLANG_WARN_COMMA = YES;
				CLANG_WARN_CONSTANT_CONVERSION = YES;
				CLANG_WARN_DEPRECATED_OBJC_IMPLEMENTATIONS = YES;
				CLANG_WARN_DIRECT_OBJC_ISA_USAGE = YES_ERROR;
				CLANG_WARN_DOCUMENTATION_COMMENTS = YES;
				CLANG_WARN_EMPTY_BODY = YES;
				CLANG_WARN_ENUM_CONVERSION = YES;
				CLANG_WARN_INFINITE_RECURSION = YES;
				CLANG_WARN_INT_CONVERSION = YES;
				CLANG_WARN_NON_LITERAL_NULL_CONVERSION = YES;
				CLANG_WARN_OBJC_IMPLICIT_RETAIN_SELF = YES;
				CLANG_WARN_OBJC_LITERAL_CONVERSION = YES;
				CLANG_WARN_OBJC_ROOT_CLASS = YES_ERROR;
				CLANG_WARN_QUOTED_INCLUDE_IN_FRAMEWORK_HEADER = YES;
				CLANG_WARN_RANGE_LOOP_ANALYSIS = YES;
				CLANG_WARN_STRICT_PROTOTYPES = YES;
				CLANG_WARN_SUSPICIOUS_MOVE = YES;
				CLANG_WARN_UNGUARDED_AVAILABILITY = YES_AGGRESSIVE;
				CLANG_WARN_UNREACHABLE_CODE = YES;
				CLANG_WARN__DUPLICATE_METHOD_MATCH = YES;
				COPY_PHASE_STRIP = NO;
				DEBUG_INFORMATION_FORMAT = dwarf;
				ENABLE_STRICT_OBJC_MSGSEND = YES;
				ENABLE_TESTABILITY = YES;
				GCC_C_LANGUAGE_STANDARD = gnu11;
				GCC_DYNAMIC_NO_PIC = NO;
				GCC_NO_COMMON_BLOCKS = YES;
				GCC_OPTIMIZATION_LEVEL = 0;
				GCC_PREPROCESSOR_DEFINITIONS = (
					"DEBUG=1",
					"$(inherited)",
				);
				GCC_WARN_64_TO_32_BIT_CONVERSION = YES;
				GCC_WARN_ABOUT_RETURN_TYPE = YES_ERROR;
				GCC_WARN_UNDECLARED_SELECTOR = YES;
				GCC_WARN_UNINITIALIZED_AUTOS = YES_AGGRESSIVE;
				GCC_WARN_UNUSED_FUNCTION = YES;
				GCC_WARN_UNUSED_VARIABLE = YES;
				IPHONEOS_DEPLOYMENT_TARGET = 13.0;
				MTL_ENABLE_DEBUG_INFO = INCLUDE_SOURCE;
				MTL_FAST_MATH = YES;
				ONLY_ACTIVE_ARCH = YES;
				SDKROOT = iphoneos;
				SWIFT_ACTIVE_COMPILATION_CONDITIONS = DEBUG;
				SWIFT_OPTIMIZATION_LEVEL = "-Onone";
			};
			name = Debug;
		};
		7B3E574625A0E9E5000F7772 /* Release */ = {
			isa = XCBuildConfiguration;
			buildSettings = {
				ALWAYS_SEARCH_USER_PATHS = NO;
				CLANG_ANALYZER_NONNULL = YES;
				CLANG_ANALYZER_NUMBER_OBJECT_CONVERSION = YES_AGGRESSIVE;
				CLANG_CXX_LANGUAGE_STANDARD = "gnu++14";
				CLANG_CXX_LIBRARY = "libc++";
				CLANG_ENABLE_MODULES = YES;
				CLANG_ENABLE_OBJC_ARC = YES;
				CLANG_ENABLE_OBJC_WEAK = YES;
				CLANG_WARN_BLOCK_CAPTURE_AUTORELEASING = YES;
				CLANG_WARN_BOOL_CONVERSION = YES;
				CLANG_WARN_COMMA = YES;
				CLANG_WARN_CONSTANT_CONVERSION = YES;
				CLANG_WARN_DEPRECATED_OBJC_IMPLEMENTATIONS = YES;
				CLANG_WARN_DIRECT_OBJC_ISA_USAGE = YES_ERROR;
				CLANG_WARN_DOCUMENTATION_COMMENTS = YES;
				CLANG_WARN_EMPTY_BODY = YES;
				CLANG_WARN_ENUM_CONVERSION = YES;
				CLANG_WARN_INFINITE_RECURSION = YES;
				CLANG_WARN_INT_CONVERSION = YES;
				CLANG_WARN_NON_LITERAL_NULL_CONVERSION = YES;
				CLANG_WARN_OBJC_IMPLICIT_RETAIN_SELF = YES;
				CLANG_WARN_OBJC_LITERAL_CONVERSION = YES;
				CLANG_WARN_OBJC_ROOT_CLASS = YES_ERROR;
				CLANG_WARN_QUOTED_INCLUDE_IN_FRAMEWORK_HEADER = YES;
				CLANG_WARN_RANGE_LOOP_ANALYSIS = YES;
				CLANG_WARN_STRICT_PROTOTYPES = YES;
				CLANG_WARN_SUSPICIOUS_MOVE = YES;
				CLANG_WARN_UNGUARDED_AVAILABILITY = YES_AGGRESSIVE;
				CLANG_WARN_UNREACHABLE_CODE = YES;
				CLANG_WARN__DUPLICATE_METHOD_MATCH = YES;
				COPY_PHASE_STRIP = NO;
				DEBUG_INFORMATION_FORMAT = "dwarf-with-dsym";
				ENABLE_NS_ASSERTIONS = NO;
				ENABLE_STRICT_OBJC_MSGSEND = YES;
				GCC_C_LANGUAGE_STANDARD = gnu11;
				GCC_NO_COMMON_BLOCKS = YES;
				GCC_WARN_64_TO_32_BIT_CONVERSION = YES;
				GCC_WARN_ABOUT_RETURN_TYPE = YES_ERROR;
				GCC_WARN_UNDECLARED_SELECTOR = YES;
				GCC_WARN_UNINITIALIZED_AUTOS = YES_AGGRESSIVE;
				GCC_WARN_UNUSED_FUNCTION = YES;
				GCC_WARN_UNUSED_VARIABLE = YES;
				IPHONEOS_DEPLOYMENT_TARGET = 13.0;
				MTL_ENABLE_DEBUG_INFO = NO;
				MTL_FAST_MATH = YES;
				SDKROOT = iphoneos;
				SWIFT_COMPILATION_MODE = wholemodule;
				SWIFT_OPTIMIZATION_LEVEL = "-O";
				VALIDATE_PRODUCT = YES;
			};
			name = Release;
		};
		7B3E574825A0E9E5000F7772 /* Debug */ = {
			isa = XCBuildConfiguration;
			buildSettings = {
				ASSETCATALOG_COMPILER_APPICON_NAME = AppIcon;
				ASSETCATALOG_COMPILER_GLOBAL_ACCENT_COLOR_NAME = AccentColor;
				CODE_SIGN_STYLE = Automatic;
				DEVELOPMENT_TEAM = 98379XS7GB;
				INFOPLIST_FILE = Monsters/Info.plist;
				LD_RUNPATH_SEARCH_PATHS = (
					"$(inherited)",
					"@executable_path/Frameworks",
				);
				PRODUCT_BUNDLE_IDENTIFIER = "ru.maksim-alekseev.Monsters";
				PRODUCT_NAME = "$(TARGET_NAME)";
				SWIFT_VERSION = 5.0;
				TARGETED_DEVICE_FAMILY = "1,2";
			};
			name = Debug;
		};
		7B3E574925A0E9E5000F7772 /* Release */ = {
			isa = XCBuildConfiguration;
			buildSettings = {
				ASSETCATALOG_COMPILER_APPICON_NAME = AppIcon;
				ASSETCATALOG_COMPILER_GLOBAL_ACCENT_COLOR_NAME = AccentColor;
				CODE_SIGN_STYLE = Automatic;
				DEVELOPMENT_TEAM = 98379XS7GB;
				INFOPLIST_FILE = Monsters/Info.plist;
				LD_RUNPATH_SEARCH_PATHS = (
					"$(inherited)",
					"@executable_path/Frameworks",
				);
				PRODUCT_BUNDLE_IDENTIFIER = "ru.maksim-alekseev.Monsters";
				PRODUCT_NAME = "$(TARGET_NAME)";
				SWIFT_VERSION = 5.0;
				TARGETED_DEVICE_FAMILY = "1,2";
			};
			name = Release;
		};
		7B3E574B25A0E9E5000F7772 /* Debug */ = {
			isa = XCBuildConfiguration;
			buildSettings = {
				ALWAYS_EMBED_SWIFT_STANDARD_LIBRARIES = YES;
				BUNDLE_LOADER = "$(TEST_HOST)";
				CODE_SIGN_STYLE = Automatic;
				DEVELOPMENT_TEAM = 98379XS7GB;
				INFOPLIST_FILE = MonstersTests/Info.plist;
				IPHONEOS_DEPLOYMENT_TARGET = 14.3;
				LD_RUNPATH_SEARCH_PATHS = (
					"$(inherited)",
					"@executable_path/Frameworks",
					"@loader_path/Frameworks",
				);
				PRODUCT_BUNDLE_IDENTIFIER = "ru.maksim-alekseev.MonstersTests";
				PRODUCT_NAME = "$(TARGET_NAME)";
				SWIFT_VERSION = 5.0;
				TARGETED_DEVICE_FAMILY = "1,2";
				TEST_HOST = "$(BUILT_PRODUCTS_DIR)/Monsters.app/Monsters";
			};
			name = Debug;
		};
		7B3E574C25A0E9E5000F7772 /* Release */ = {
			isa = XCBuildConfiguration;
			buildSettings = {
				ALWAYS_EMBED_SWIFT_STANDARD_LIBRARIES = YES;
				BUNDLE_LOADER = "$(TEST_HOST)";
				CODE_SIGN_STYLE = Automatic;
				DEVELOPMENT_TEAM = 98379XS7GB;
				INFOPLIST_FILE = MonstersTests/Info.plist;
				IPHONEOS_DEPLOYMENT_TARGET = 14.3;
				LD_RUNPATH_SEARCH_PATHS = (
					"$(inherited)",
					"@executable_path/Frameworks",
					"@loader_path/Frameworks",
				);
				PRODUCT_BUNDLE_IDENTIFIER = "ru.maksim-alekseev.MonstersTests";
				PRODUCT_NAME = "$(TARGET_NAME)";
				SWIFT_VERSION = 5.0;
				TARGETED_DEVICE_FAMILY = "1,2";
				TEST_HOST = "$(BUILT_PRODUCTS_DIR)/Monsters.app/Monsters";
			};
			name = Release;
		};
		7B3E574E25A0E9E5000F7772 /* Debug */ = {
			isa = XCBuildConfiguration;
			buildSettings = {
				ALWAYS_EMBED_SWIFT_STANDARD_LIBRARIES = YES;
				CLANG_ENABLE_MODULES = YES;
				CODE_SIGN_STYLE = Automatic;
				DEVELOPMENT_TEAM = 98379XS7GB;
				INFOPLIST_FILE = MonstersUITests/Info.plist;
				LD_RUNPATH_SEARCH_PATHS = (
					"$(inherited)",
					"@executable_path/Frameworks",
					"@loader_path/Frameworks",
				);
				PRODUCT_BUNDLE_IDENTIFIER = "ru.maksim-alekseev.MonstersUITests";
				PRODUCT_NAME = "$(TARGET_NAME)";
				SWIFT_OBJC_BRIDGING_HEADER = "MonstersUITests/MonstersUITests-Bridging-Header.h";
				SWIFT_OPTIMIZATION_LEVEL = "-Onone";
				SWIFT_VERSION = 5.0;
				TARGETED_DEVICE_FAMILY = "1,2";
				TEST_TARGET_NAME = Monsters;
			};
			name = Debug;
		};
		7B3E574F25A0E9E5000F7772 /* Release */ = {
			isa = XCBuildConfiguration;
			buildSettings = {
				ALWAYS_EMBED_SWIFT_STANDARD_LIBRARIES = YES;
				CLANG_ENABLE_MODULES = YES;
				CODE_SIGN_STYLE = Automatic;
				DEVELOPMENT_TEAM = 98379XS7GB;
				INFOPLIST_FILE = MonstersUITests/Info.plist;
				LD_RUNPATH_SEARCH_PATHS = (
					"$(inherited)",
					"@executable_path/Frameworks",
					"@loader_path/Frameworks",
				);
				PRODUCT_BUNDLE_IDENTIFIER = "ru.maksim-alekseev.MonstersUITests";
				PRODUCT_NAME = "$(TARGET_NAME)";
				SWIFT_OBJC_BRIDGING_HEADER = "MonstersUITests/MonstersUITests-Bridging-Header.h";
				SWIFT_VERSION = 5.0;
				TARGETED_DEVICE_FAMILY = "1,2";
				TEST_TARGET_NAME = Monsters;
			};
			name = Release;
		};
/* End XCBuildConfiguration section */

/* Begin XCConfigurationList section */
		7B3E571825A0E9E4000F7772 /* Build configuration list for PBXProject "Monsters" */ = {
			isa = XCConfigurationList;
			buildConfigurations = (
				7B3E574525A0E9E5000F7772 /* Debug */,
				7B3E574625A0E9E5000F7772 /* Release */,
			);
			defaultConfigurationIsVisible = 0;
			defaultConfigurationName = Release;
		};
		7B3E574725A0E9E5000F7772 /* Build configuration list for PBXNativeTarget "Monsters" */ = {
			isa = XCConfigurationList;
			buildConfigurations = (
				7B3E574825A0E9E5000F7772 /* Debug */,
				7B3E574925A0E9E5000F7772 /* Release */,
			);
			defaultConfigurationIsVisible = 0;
			defaultConfigurationName = Release;
		};
		7B3E574A25A0E9E5000F7772 /* Build configuration list for PBXNativeTarget "MonstersTests" */ = {
			isa = XCConfigurationList;
			buildConfigurations = (
				7B3E574B25A0E9E5000F7772 /* Debug */,
				7B3E574C25A0E9E5000F7772 /* Release */,
			);
			defaultConfigurationIsVisible = 0;
			defaultConfigurationName = Release;
		};
		7B3E574D25A0E9E5000F7772 /* Build configuration list for PBXNativeTarget "MonstersUITests" */ = {
			isa = XCConfigurationList;
			buildConfigurations = (
				7B3E574E25A0E9E5000F7772 /* Debug */,
				7B3E574F25A0E9E5000F7772 /* Release */,
			);
			defaultConfigurationIsVisible = 0;
			defaultConfigurationName = Release;
		};
/* End XCConfigurationList section */
	};
	rootObject = 7B3E571525A0E9E4000F7772 /* Project object */;
}
